
Microsoft Visual Studio Solution File, Format Version 12.00
# Visual Studio Version 17
VisualStudioVersion = 17.14.36717.8 d17.14
MinimumVisualStudioVersion = 10.0.40219.1
Project("{8BC9CEB8-8B4A-11D0-8D11-00A0C91BC942}") = "RadarCudaAccelerator", "RadarCudaAccelerator.vcxproj", "{959DA4FE-FF5C-BCAB-9C93-D92BCA0D5FAB}"
EndProject
Global
	GlobalSection(SolutionConfigurationPlatforms) = preSolution
		Debug|x64 = Debug|x64
		Release|x64 = Release|x64
	EndGlobalSection
	GlobalSection(ProjectConfigurationPlatforms) = postSolution
		{959DA4FE-FF5C-BCAB-9C93-D92BCA0D5FAB}.Debug|x64.ActiveCfg = Debug|x64
		{959DA4FE-FF5C-BCAB-9C93-D92BCA0D5FAB}.Debug|x64.Build.0 = Debug|x64
		{959DA4FE-FF5C-BCAB-9C93-D92BCA0D5FAB}.Release|x64.ActiveCfg = Release|x64
		{959DA4FE-FF5C-BCAB-9C93-D92BCA0D5FAB}.Release|x64.Build.0 = Release|x64
	EndGlobalSection
	GlobalSection(SolutionProperties) = preSolution
		HideSolutionNode = FALSE
	EndGlobalSection
	GlobalSection(ExtensibilityGlobals) = postSolution
		SolutionGuid = {0F2BC25A-9E02-4F53-9783-6D905A82C616}
	EndGlobalSection
EndGlobal
